
Microsoft Visual Studio Solution File, Format Version 12.00
# Visual Studio Version 17
VisualStudioVersion = 17.12.35527.113
MinimumVisualStudioVersion = 10.0.40219.1
Project("{FAE04EC0-301F-11D3-BF4B-00C04F79EFBC}") = "Server", "Server\Server.csproj", "{63802942-52F9-4FC7-BCF9-8F3ABE277D0E}"
EndProject
Project("{FAE04EC0-301F-11D3-BF4B-00C04F79EFBC}") = "Client", "Client\Client.csproj", "{C5F7B653-D1DE-42AA-B05C-1F01984C2EF7}"
EndProject
Project("{2150E333-8FDC-42A3-9474-1A3956D46DE8}") = "lib", "lib", "{452E75AE-E37C-4B88-B0F0-BE74DB2DC0F3}"
EndProject
Project("{FAE04EC0-301F-11D3-BF4B-00C04F79EFBC}") = "ClientLibrary", "ClientLibrary\ClientLibrary.csproj", "{A58901F7-7E6F-4CE0-A875-BF8E4679582B}"
EndProject
Project("{FAE04EC0-301F-11D3-BF4B-00C04F79EFBC}") = "ServerLibrary", "ServerLibrary\ServerLibrary.csproj", "{D6BD87DC-683C-44F3-AEDD-5B88D6E74363}"
EndProject
Project("{FAE04EC0-301F-11D3-BF4B-00C04F79EFBC}") = "BaseLibrary", "BaseLibrary\BaseLibrary.csproj", "{3529687C-B229-4F5C-8722-4B5A23D18BC4}"
EndProject
Global
	GlobalSection(SolutionConfigurationPlatforms) = preSolution
		Debug|Any CPU = Debug|Any CPU
		Release|Any CPU = Release|Any CPU
	EndGlobalSection
	GlobalSection(ProjectConfigurationPlatforms) = postSolution
		{63802942-52F9-4FC7-BCF9-8F3ABE277D0E}.Debug|Any CPU.ActiveCfg = Debug|Any CPU
		{63802942-52F9-4FC7-BCF9-8F3ABE277D0E}.Debug|Any CPU.Build.0 = Debug|Any CPU
		{63802942-52F9-4FC7-BCF9-8F3ABE277D0E}.Release|Any CPU.ActiveCfg = Release|Any CPU
		{63802942-52F9-4FC7-BCF9-8F3ABE277D0E}.Release|Any CPU.Build.0 = Release|Any CPU
		{C5F7B653-D1DE-42AA-B05C-1F01984C2EF7}.Debug|Any CPU.ActiveCfg = Debug|Any CPU
		{C5F7B653-D1DE-42AA-B05C-1F01984C2EF7}.Debug|Any CPU.Build.0 = Debug|Any CPU
		{C5F7B653-D1DE-42AA-B05C-1F01984C2EF7}.Release|Any CPU.ActiveCfg = Release|Any CPU
		{C5F7B653-D1DE-42AA-B05C-1F01984C2EF7}.Release|Any CPU.Build.0 = Release|Any CPU
		{A58901F7-7E6F-4CE0-A875-BF8E4679582B}.Debug|Any CPU.ActiveCfg = Debug|Any CPU
		{A58901F7-7E6F-4CE0-A875-BF8E4679582B}.Debug|Any CPU.Build.0 = Debug|Any CPU
		{A58901F7-7E6F-4CE0-A875-BF8E4679582B}.Release|Any CPU.ActiveCfg = Release|Any CPU
		{A58901F7-7E6F-4CE0-A875-BF8E4679582B}.Release|Any CPU.Build.0 = Release|Any CPU
		{D6BD87DC-683C-44F3-AEDD-5B88D6E74363}.Debug|Any CPU.ActiveCfg = Debug|Any CPU
		{D6BD87DC-683C-44F3-AEDD-5B88D6E74363}.Debug|Any CPU.Build.0 = Debug|Any CPU
		{D6BD87DC-683C-44F3-AEDD-5B88D6E74363}.Release|Any CPU.ActiveCfg = Release|Any CPU
		{D6BD87DC-683C-44F3-AEDD-5B88D6E74363}.Release|Any CPU.Build.0 = Release|Any CPU
		{3529687C-B229-4F5C-8722-4B5A23D18BC4}.Debug|Any CPU.ActiveCfg = Debug|Any CPU
		{3529687C-B229-4F5C-8722-4B5A23D18BC4}.Debug|Any CPU.Build.0 = Debug|Any CPU
		{3529687C-B229-4F5C-8722-4B5A23D18BC4}.Release|Any CPU.ActiveCfg = Release|Any CPU
		{3529687C-B229-4F5C-8722-4B5A23D18BC4}.Release|Any CPU.Build.0 = Release|Any CPU
	EndGlobalSection
	GlobalSection(SolutionProperties) = preSolution
		HideSolutionNode = FALSE
	EndGlobalSection
	GlobalSection(NestedProjects) = preSolution
		{A58901F7-7E6F-4CE0-A875-BF8E4679582B} = {452E75AE-E37C-4B88-B0F0-BE74DB2DC0F3}
		{D6BD87DC-683C-44F3-AEDD-5B88D6E74363} = {452E75AE-E37C-4B88-B0F0-BE74DB2DC0F3}
		{3529687C-B229-4F5C-8722-4B5A23D18BC4} = {452E75AE-E37C-4B88-B0F0-BE74DB2DC0F3}
	EndGlobalSection
EndGlobal
